<?xml version="1.0" encoding="utf-8"?>
<Project ToolsVersion="4.0" xmlns="http://schemas.microsoft.com/developer/msbuild/2003">
  <ItemGroup>
    <Filter Include="Source Files">
      <UniqueIdentifier>{4fc737f1-c7a5-4376-a066-2a32d752a2ff}</UniqueIdentifier>
      <Extensions>cpp;c;cc;cxx</Extensions>
    </Filter>
    <Filter Include="Header Files">
      <UniqueIdentifier>{93995380-89bd-4b04-88eb-625fbe52ebfb}</UniqueIdentifier>
      <Extensions>h;hh;hpp;hxx</Extensions>
    </Filter>
  </ItemGroup>
  <ItemGroup>
    <ClCompile Include="AgentApplication.cpp"><Filter>Source Files</Filter></ClCompile>
    <ClCompile Include="DumpCapture.cpp"><Filter>Source Files</Filter></ClCompile>
    <ClCompile Include="JsonProtocol.cpp"><Filter>Source Files</Filter></ClCompile>
    <ClCompile Include="NamedPipeServer.cpp"><Filter>Source Files</Filter></ClCompile>
    <ClCompile Include="ProcessEnumerator.cpp"><Filter>Source Files</Filter></ClCompile>
    <ClCompile Include="ProcessInspection.cpp"><Filter>Source Files</Filter></ClCompile>
    <ClCompile Include="ProcessWatcher.cpp"><Filter>Source Files</Filter></ClCompile>
    <ClCompile Include="TraceForge.Agent.cpp"><Filter>Source Files</Filter></ClCompile>
  </ItemGroup>
  <ItemGroup>
    <ClInclude Include="AgentApplication.h"><Filter>Header Files</Filter></ClInclude>
    <ClInclude Include="DumpCapture.h"><Filter>Header Files</Filter></ClInclude>
    <ClInclude Include="ExitCode.h"><Filter>Header Files</Filter></ClInclude>
    <ClInclude Include="JsonProtocol.h"><Filter>Header Files</Filter></ClInclude>
    <ClInclude Include="NamedPipeServer.h"><Filter>Header Files</Filter></ClInclude>
    <ClInclude Include="ProcessEnumerator.h"><Filter>Header Files</Filter></ClInclude>
    <ClInclude Include="ProcessInfo.h"><Filter>Header Files</Filter></ClInclude>
    <ClInclude Include="ProcessInspection.h"><Filter>Header Files</Filter></ClInclude>
    <ClInclude Include="ProcessWatcher.h"><Filter>Header Files</Filter></ClInclude>
    <ClInclude Include="UniqueHandle.h"><Filter>Header Files</Filter></ClInclude>
  </ItemGroup>
</Project>
